
Microsoft Visual Studio Solution File, Format Version 12.00
# Visual Studio Version 16
VisualStudioVersion = 16.0.32228.343
MinimumVisualStudioVersion = 10.0.40219.1
Project("{FAE04EC0-301F-11D3-BF4B-00C04F79EFBC}") = "GsharpHomework", "GsharpHomework\GsharpHomework.csproj", "{43F14145-5C64-4501-995D-F357174ECA09}"
EndProject
Global
	GlobalSection(SolutionConfigurationPlatforms) = preSolution
		Debug|Any CPU = Debug|Any CPU
		Release|Any CPU = Release|Any CPU
	EndGlobalSection
	GlobalSection(ProjectConfigurationPlatforms) = postSolution
		{43F14145-5C64-4501-995D-F357174ECA09}.Debug|Any CPU.ActiveCfg = Debug|Any CPU
		{43F14145-5C64-4501-995D-F357174ECA09}.Debug|Any CPU.Build.0 = Debug|Any CPU
		{43F14145-5C64-4501-995D-F357174ECA09}.Release|Any CPU.ActiveCfg = Release|Any CPU
		{43F14145-5C64-4501-995D-F357174ECA09}.Release|Any CPU.Build.0 = Release|Any CPU
	EndGlobalSection
	GlobalSection(SolutionProperties) = preSolution
		HideSolutionNode = FALSE
	EndGlobalSection
	GlobalSection(ExtensibilityGlobals) = postSolution
		SolutionGuid = {2A2DE97C-D88B-4C52-B248-6E0CE7B9502B}
	EndGlobalSection
EndGlobal
